<?xml version="1.0" encoding="utf-8"?>
<Project ToolsVersion="15.0" xmlns="http://schemas.microsoft.com/developer/msbuild/2003">
  <ItemGroup>
    <Filter Include="Resources">
      <UniqueIdentifier>accd3aa8-1ba0-4223-9bbe-0c431709210b</UniqueIdentifier>
      <Extensions>rc;ico;cur;bmp;dlg;rc2;rct;bin;rgs;gif;jpg;jpeg;jpe;resx;tga;tiff;tif;png;wav;mfcribbon-ms</Extensions>
    </Filter>
    <Filter Include="Generated Files">
      <UniqueIdentifier>{926ab91d-31b4-48c3-b9a4-e681349f27f0}</UniqueIdentifier>
    </Filter>
    <Filter Include="woltapp">
      <UniqueIdentifier>{dcc8cf41-5f8f-4898-b563-772b791fdb52}</UniqueIdentifier>
    </Filter>
  </ItemGroup>
  <ItemGroup>
    <ClCompile Include="pch.cpp" />
    <ClCompile Include="Class.cpp" />
    <ClCompile Include="$(GeneratedFilesDir)module.g.cpp" />
    <ClCompile Include="BlurhashViewManager.cpp" />
    <ClCompile Include="ReactPackageProvider.cpp" />
    <ClCompile Include="woltapp\blurhash_stb.c">
      <Filter>woltapp</Filter>
    </ClCompile>
    <ClCompile Include="woltapp\encode.c">
      <Filter>woltapp</Filter>
    </ClCompile>
    <ClCompile Include="BlurhashView.cpp" />
  </ItemGroup>
  <ItemGroup>
    <ClInclude Include="pch.h" />
    <ClInclude Include="BlurhashViewManager.h" />
    <ClInclude Include="ReactPackageProvider.h" />
    <ClInclude Include="woltapp\encode.h">
      <Filter>woltapp</Filter>
    </ClInclude>
    <ClInclude Include="woltapp\stb_image.h">
      <Filter>woltapp</Filter>
    </ClInclude>
    <ClInclude Include="BlurhashView.h" />
  </ItemGroup>
  <ItemGroup>
    <Midl Include="Class.idl" />
    <Midl Include="ReactPackageProvider.idl" />
    <Midl Include="BlurhashView.idl" />
  </ItemGroup>
  <ItemGroup>
    <None Include="Blurhash.def" />
    <None Include="packages.config" />
  </ItemGroup>
  <ItemGroup>
    <None Include="PropertySheet.props" />
  </ItemGroup>
  <ItemGroup>
    <Text Include="readme.txt" />
  </ItemGroup>
</Project>