
Microsoft Visual Studio Solution File, Format Version 12.00
# Visual Studio Version 16
VisualStudioVersion = 16.0.30413.136
MinimumVisualStudioVersion = 10.0.40219.1
Project("{8BC9CEB8-8B4A-11D0-8D11-00A0C91BC942}") = "Blurhash", "Blurhash.vcxproj", "{35D12F86-2E72-4271-B3D7-F7922D2CC225}"
EndProject
Global
	GlobalSection(SolutionConfigurationPlatforms) = preSolution
		Debug|ARM = Debug|ARM
		Debug|ARM64 = Debug|ARM64
		Debug|x64 = Debug|x64
		Debug|x86 = Debug|x86
		Release|ARM = Release|ARM
		Release|ARM64 = Release|ARM64
		Release|x64 = Release|x64
		Release|x86 = Release|x86
	EndGlobalSection
	GlobalSection(ProjectConfigurationPlatforms) = postSolution
		{35D12F86-2E72-4271-B3D7-F7922D2CC225}.Debug|ARM.ActiveCfg = Debug|ARM
		{35D12F86-2E72-4271-B3D7-F7922D2CC225}.Debug|ARM.Build.0 = Debug|ARM
		{35D12F86-2E72-4271-B3D7-F7922D2CC225}.Debug|ARM64.ActiveCfg = Debug|ARM64
		{35D12F86-2E72-4271-B3D7-F7922D2CC225}.Debug|ARM64.Build.0 = Debug|ARM64
		{35D12F86-2E72-4271-B3D7-F7922D2CC225}.Debug|x64.ActiveCfg = Debug|x64
		{35D12F86-2E72-4271-B3D7-F7922D2CC225}.Debug|x64.Build.0 = Debug|x64
		{35D12F86-2E72-4271-B3D7-F7922D2CC225}.Debug|x86.ActiveCfg = Debug|Win32
		{35D12F86-2E72-4271-B3D7-F7922D2CC225}.Debug|x86.Build.0 = Debug|Win32
		{35D12F86-2E72-4271-B3D7-F7922D2CC225}.Release|ARM.ActiveCfg = Release|ARM
		{35D12F86-2E72-4271-B3D7-F7922D2CC225}.Release|ARM.Build.0 = Release|ARM
		{35D12F86-2E72-4271-B3D7-F7922D2CC225}.Release|ARM64.ActiveCfg = Release|ARM64
		{35D12F86-2E72-4271-B3D7-F7922D2CC225}.Release|ARM64.Build.0 = Release|ARM64
		{35D12F86-2E72-4271-B3D7-F7922D2CC225}.Release|x64.ActiveCfg = Release|x64
		{35D12F86-2E72-4271-B3D7-F7922D2CC225}.Release|x64.Build.0 = Release|x64
		{35D12F86-2E72-4271-B3D7-F7922D2CC225}.Release|x86.ActiveCfg = Release|Win32
		{35D12F86-2E72-4271-B3D7-F7922D2CC225}.Release|x86.Build.0 = Release|Win32
	EndGlobalSection
	GlobalSection(SolutionProperties) = preSolution
		HideSolutionNode = FALSE
	EndGlobalSection
	GlobalSection(ExtensibilityGlobals) = postSolution
		SolutionGuid = {FFED072B-4D18-4797-868C-1915CB6EA591}
	EndGlobalSection
EndGlobal
