// !$*UTF8*$!
{
	archiveVersion = 1;
	classes = {
	};
	objectVersion = 46;
	objects = {

/* Begin PBXBuildFile section */
		B814198724B7D41C00DADC7A /* String+Decode83.swift in Sources */ = {isa = PBXBuildFile; fileRef = B814198624B7D41C00DADC7A /* String+Decode83.swift */; };
		B832026424B0C05B00DCFF26 /* UIImage+BlurhashEncode.swift in Sources */ = {isa = PBXBuildFile; fileRef = B832026324B0C05B00DCFF26 /* UIImage+BlurhashEncode.swift */; };
		B832026624B0C1BA00DCFF26 /* ReactLogger.swift in Sources */ = {isa = PBXBuildFile; fileRef = B832026524B0C1BA00DCFF26 /* ReactLogger.swift */; };
		B8377375250237310040F1AE /* BlurhashCache.swift in Sources */ = {isa = PBXBuildFile; fileRef = B8377374250237310040F1AE /* BlurhashCache.swift */; };
		B8377377250237470040F1AE /* BlurhashError.swift in Sources */ = {isa = PBXBuildFile; fileRef = B8377376250237470040F1AE /* BlurhashError.swift */; };
		B83D414D24B0EBFB00D1D771 /* String+Index.swift in Sources */ = {isa = PBXBuildFile; fileRef = B83D414C24B0EBFB00D1D771 /* String+Index.swift */; };
		B85D3FC524B7D555005790E3 /* BinaryInteger+Encode83.swift in Sources */ = {isa = PBXBuildFile; fileRef = B85D3FC424B7D555005790E3 /* BinaryInteger+Encode83.swift */; };
		B85DCA1C249764400003228D /* BlurhashView.swift in Sources */ = {isa = PBXBuildFile; fileRef = B85DCA1B249764400003228D /* BlurhashView.swift */; };
		B88F825D24B7D70000CDF22C /* BlurhashHelper.swift in Sources */ = {isa = PBXBuildFile; fileRef = B88F825C24B7D70000CDF22C /* BlurhashHelper.swift */; };
		B8EAEFB1248E37CA000932A3 /* BlurhashViewManager.m in Sources */ = {isa = PBXBuildFile; fileRef = B8EAEFB0248E37CA000932A3 /* BlurhashViewManager.m */; };
		B8EAEFB4248E37D7000932A3 /* BlurhashViewManager.swift in Sources */ = {isa = PBXBuildFile; fileRef = B8EAEFB3248E37D7000932A3 /* BlurhashViewManager.swift */; };
		B8EAEFB7248E3CD6000932A3 /* UIImage+BlurhashDecode.swift in Sources */ = {isa = PBXBuildFile; fileRef = B8EAEFB6248E3CD6000932A3 /* UIImage+BlurhashDecode.swift */; };
/* End PBXBuildFile section */

/* Begin PBXCopyFilesBuildPhase section */
		58B511D91A9E6C8500147676 /* CopyFiles */ = {
			isa = PBXCopyFilesBuildPhase;
			buildActionMask = 2147483647;
			dstPath = "include/$(PRODUCT_NAME)";
			dstSubfolderSpec = 16;
			files = (
			);
			runOnlyForDeploymentPostprocessing = 0;
		};
/* End PBXCopyFilesBuildPhase section */

/* Begin PBXFileReference section */
		134814201AA4EA6300B7C361 /* libBlurhash.a */ = {isa = PBXFileReference; explicitFileType = archive.ar; includeInIndex = 0; path = libBlurhash.a; sourceTree = BUILT_PRODUCTS_DIR; };
		B814198624B7D41C00DADC7A /* String+Decode83.swift */ = {isa = PBXFileReference; lastKnownFileType = sourcecode.swift; path = "String+Decode83.swift"; sourceTree = "<group>"; };
		B832026324B0C05B00DCFF26 /* UIImage+BlurhashEncode.swift */ = {isa = PBXFileReference; lastKnownFileType = sourcecode.swift; path = "UIImage+BlurhashEncode.swift"; sourceTree = "<group>"; };
		B832026524B0C1BA00DCFF26 /* ReactLogger.swift */ = {isa = PBXFileReference; lastKnownFileType = sourcecode.swift; path = ReactLogger.swift; sourceTree = "<group>"; };
		B8377374250237310040F1AE /* BlurhashCache.swift */ = {isa = PBXFileReference; lastKnownFileType = sourcecode.swift; path = BlurhashCache.swift; sourceTree = "<group>"; };
		B8377376250237470040F1AE /* BlurhashError.swift */ = {isa = PBXFileReference; lastKnownFileType = sourcecode.swift; path = BlurhashError.swift; sourceTree = "<group>"; };
		B83D414C24B0EBFB00D1D771 /* String+Index.swift */ = {isa = PBXFileReference; lastKnownFileType = sourcecode.swift; path = "String+Index.swift"; sourceTree = "<group>"; };
		B85D3FC424B7D555005790E3 /* BinaryInteger+Encode83.swift */ = {isa = PBXFileReference; lastKnownFileType = sourcecode.swift; path = "BinaryInteger+Encode83.swift"; sourceTree = "<group>"; };
		B85DCA1B249764400003228D /* BlurhashView.swift */ = {isa = PBXFileReference; lastKnownFileType = sourcecode.swift; path = BlurhashView.swift; sourceTree = "<group>"; };
		B88F825C24B7D70000CDF22C /* BlurhashHelper.swift */ = {isa = PBXFileReference; lastKnownFileType = sourcecode.swift; path = BlurhashHelper.swift; sourceTree = "<group>"; };
		B8EAEFB0248E37CA000932A3 /* BlurhashViewManager.m */ = {isa = PBXFileReference; fileEncoding = 4; lastKnownFileType = sourcecode.c.objc; path = BlurhashViewManager.m; sourceTree = "<group>"; };
		B8EAEFB2248E37D7000932A3 /* BlurhashBridge.h */ = {isa = PBXFileReference; lastKnownFileType = sourcecode.c.h; path = BlurhashBridge.h; sourceTree = "<group>"; };
		B8EAEFB3248E37D7000932A3 /* BlurhashViewManager.swift */ = {isa = PBXFileReference; lastKnownFileType = sourcecode.swift; path = BlurhashViewManager.swift; sourceTree = "<group>"; };
		B8EAEFB6248E3CD6000932A3 /* UIImage+BlurhashDecode.swift */ = {isa = PBXFileReference; lastKnownFileType = sourcecode.swift; path = "UIImage+BlurhashDecode.swift"; sourceTree = "<group>"; };
/* End PBXFileReference section */

/* Begin PBXFrameworksBuildPhase section */
		58B511D81A9E6C8500147676 /* Frameworks */ = {
			isa = PBXFrameworksBuildPhase;
			buildActionMask = 2147483647;
			files = (
			);
			runOnlyForDeploymentPostprocessing = 0;
		};
/* End PBXFrameworksBuildPhase section */

/* Begin PBXGroup section */
		134814211AA4EA7D00B7C361 /* Products */ = {
			isa = PBXGroup;
			children = (
				134814201AA4EA6300B7C361 /* libBlurhash.a */,
			);
			name = Products;
			sourceTree = "<group>";
		};
		58B511D21A9E6C8500147676 = {
			isa = PBXGroup;
			children = (
				B8377376250237470040F1AE /* BlurhashError.swift */,
				B8377374250237310040F1AE /* BlurhashCache.swift */,
				B8EAEFB2248E37D7000932A3 /* BlurhashBridge.h */,
				B8EAEFB0248E37CA000932A3 /* BlurhashViewManager.m */,
				B8EAEFB3248E37D7000932A3 /* BlurhashViewManager.swift */,
				B85DCA1B249764400003228D /* BlurhashView.swift */,
				B832026524B0C1BA00DCFF26 /* ReactLogger.swift */,
				B88F825C24B7D70000CDF22C /* BlurhashHelper.swift */,
				B85D3FC424B7D555005790E3 /* BinaryInteger+Encode83.swift */,
				B83D414C24B0EBFB00D1D771 /* String+Index.swift */,
				B814198624B7D41C00DADC7A /* String+Decode83.swift */,
				B8EAEFB6248E3CD6000932A3 /* UIImage+BlurhashDecode.swift */,
				B832026324B0C05B00DCFF26 /* UIImage+BlurhashEncode.swift */,
				B8EAEFB5248E39F7000932A3 /* Frameworks */,
				134814211AA4EA7D00B7C361 /* Products */,
			);
			sourceTree = "<group>";
		};
		B8EAEFB5248E39F7000932A3 /* Frameworks */ = {
			isa = PBXGroup;
			children = (
			);
			path = Frameworks;
			sourceTree = "<group>";
		};
/* End PBXGroup section */

/* Begin PBXNativeTarget section */
		58B511DA1A9E6C8500147676 /* Blurhash */ = {
			isa = PBXNativeTarget;
			buildConfigurationList = 58B511EF1A9E6C8500147676 /* Build configuration list for PBXNativeTarget "Blurhash" */;
			buildPhases = (
				58B511D71A9E6C8500147676 /* Sources */,
				58B511D81A9E6C8500147676 /* Frameworks */,
				58B511D91A9E6C8500147676 /* CopyFiles */,
			);
			buildRules = (
			);
			dependencies = (
			);
			name = Blurhash;
			productName = RCTDataManager;
			productReference = 134814201AA4EA6300B7C361 /* libBlurhash.a */;
			productType = "com.apple.product-type.library.static";
		};
/* End PBXNativeTarget section */

/* Begin PBXProject section */
		58B511D31A9E6C8500147676 /* Project object */ = {
			isa = PBXProject;
			attributes = {
				LastUpgradeCheck = 0920;
				ORGANIZATIONNAME = Facebook;
				TargetAttributes = {
					58B511DA1A9E6C8500147676 = {
						CreatedOnToolsVersion = 6.1.1;
						LastSwiftMigration = 1150;
					};
				};
			};
			buildConfigurationList = 58B511D61A9E6C8500147676 /* Build configuration list for PBXProject "Blurhash" */;
			compatibilityVersion = "Xcode 3.2";
			developmentRegion = en;
			hasScannedForEncodings = 0;
			knownRegions = (
				en,
				Base,
			);
			mainGroup = 58B511D21A9E6C8500147676;
			productRefGroup = 58B511D21A9E6C8500147676;
			projectDirPath = "";
			projectRoot = "";
			targets = (
				58B511DA1A9E6C8500147676 /* Blurhash */,
			);
		};
/* End PBXProject section */

/* Begin PBXSourcesBuildPhase section */
		58B511D71A9E6C8500147676 /* Sources */ = {
			isa = PBXSourcesBuildPhase;
			buildActionMask = 2147483647;
			files = (
				B814198724B7D41C00DADC7A /* String+Decode83.swift in Sources */,
				B8EAEFB4248E37D7000932A3 /* BlurhashViewManager.swift in Sources */,
				B832026624B0C1BA00DCFF26 /* ReactLogger.swift in Sources */,
				B832026424B0C05B00DCFF26 /* UIImage+BlurhashEncode.swift in Sources */,
				B88F825D24B7D70000CDF22C /* BlurhashHelper.swift in Sources */,
				B85DCA1C249764400003228D /* BlurhashView.swift in Sources */,
				B8EAEFB7248E3CD6000932A3 /* UIImage+BlurhashDecode.swift in Sources */,
				B8377375250237310040F1AE /* BlurhashCache.swift in Sources */,
				B85D3FC524B7D555005790E3 /* BinaryInteger+Encode83.swift in Sources */,
				B8EAEFB1248E37CA000932A3 /* BlurhashViewManager.m in Sources */,
				B83D414D24B0EBFB00D1D771 /* String+Index.swift in Sources */,
				B8377377250237470040F1AE /* BlurhashError.swift in Sources */,
			);
			runOnlyForDeploymentPostprocessing = 0;
		};
/* End PBXSourcesBuildPhase section */

/* Begin XCBuildConfiguration section */
		58B511ED1A9E6C8500147676 /* Debug */ = {
			isa = XCBuildConfiguration;
			buildSettings = {
				ALWAYS_SEARCH_USER_PATHS = NO;
				CLANG_ANALYZER_NONNULL = YES;
				CLANG_CXX_LANGUAGE_STANDARD = "c++17";
				CLANG_CXX_LIBRARY = "libc++";
				CLANG_ENABLE_MODULES = YES;
				CLANG_ENABLE_OBJC_ARC = YES;
				CLANG_WARN_BLOCK_CAPTURE_AUTORELEASING = YES;
				CLANG_WARN_BOOL_CONVERSION = YES;
				CLANG_WARN_COMMA = YES;
				CLANG_WARN_CONSTANT_CONVERSION = YES;
				CLANG_WARN_DEPRECATED_OBJC_IMPLEMENTATIONS = YES;
				CLANG_WARN_DIRECT_OBJC_ISA_USAGE = YES_ERROR;
				CLANG_WARN_EMPTY_BODY = YES;
				CLANG_WARN_ENUM_CONVERSION = YES;
				CLANG_WARN_INFINITE_RECURSION = YES;
				CLANG_WARN_INT_CONVERSION = YES;
				CLANG_WARN_NON_LITERAL_NULL_CONVERSION = YES;
				CLANG_WARN_OBJC_IMPLICIT_RETAIN_SELF = YES;
				CLANG_WARN_OBJC_LITERAL_CONVERSION = YES;
				CLANG_WARN_OBJC_ROOT_CLASS = YES_ERROR;
				CLANG_WARN_RANGE_LOOP_ANALYSIS = YES;
				CLANG_WARN_STRICT_PROTOTYPES = YES;
				CLANG_WARN_SUSPICIOUS_MOVE = YES;
				CLANG_WARN_UNREACHABLE_CODE = YES;
				CLANG_WARN__DUPLICATE_METHOD_MATCH = YES;
				COPY_PHASE_STRIP = NO;
				ENABLE_STRICT_OBJC_MSGSEND = YES;
				ENABLE_TESTABILITY = YES;
				GCC_C_LANGUAGE_STANDARD = gnu99;
				GCC_DYNAMIC_NO_PIC = NO;
				GCC_NO_COMMON_BLOCKS = YES;
				GCC_OPTIMIZATION_LEVEL = 0;
				GCC_PREPROCESSOR_DEFINITIONS = (
					"DEBUG=1",
					"$(inherited)",
				);
				GCC_SYMBOLS_PRIVATE_EXTERN = NO;
				GCC_WARN_64_TO_32_BIT_CONVERSION = YES;
				GCC_WARN_ABOUT_RETURN_TYPE = YES_ERROR;
				GCC_WARN_UNDECLARED_SELECTOR = YES;
				GCC_WARN_UNINITIALIZED_AUTOS = YES_AGGRESSIVE;
				GCC_WARN_UNUSED_FUNCTION = YES;
				GCC_WARN_UNUSED_VARIABLE = YES;
				IPHONEOS_DEPLOYMENT_TARGET = 11.0;
				LD_RUNPATH_SEARCH_PATHS = "/usr/lib/swift $(inherited)";
				LIBRARY_SEARCH_PATHS = (
					"\"$(TOOLCHAIN_DIR)/usr/lib/swift/$(PLATFORM_NAME)\"",
					"\"$(TOOLCHAIN_DIR)/usr/lib/swift-5.0/$(PLATFORM_NAME)\"",
					"\"$(inherited)\"",
				);
				MTL_ENABLE_DEBUG_INFO = YES;
				ONLY_ACTIVE_ARCH = YES;
				SDKROOT = iphoneos;
			};
			name = Debug;
		};
		58B511EE1A9E6C8500147676 /* Release */ = {
			isa = XCBuildConfiguration;
			buildSettings = {
				ALWAYS_SEARCH_USER_PATHS = NO;
				CLANG_ANALYZER_NONNULL = YES;
				CLANG_CXX_LANGUAGE_STANDARD = "c++17";
				CLANG_CXX_LIBRARY = "libc++";
				CLANG_ENABLE_MODULES = YES;
				CLANG_ENABLE_OBJC_ARC = YES;
				CLANG_WARN_BLOCK_CAPTURE_AUTORELEASING = YES;
				CLANG_WARN_BOOL_CONVERSION = YES;
				CLANG_WARN_COMMA = YES;
				CLANG_WARN_CONSTANT_CONVERSION = YES;
				CLANG_WARN_DEPRECATED_OBJC_IMPLEMENTATIONS = YES;
				CLANG_WARN_DIRECT_OBJC_ISA_USAGE = YES_ERROR;
				CLANG_WARN_EMPTY_BODY = YES;
				CLANG_WARN_ENUM_CONVERSION = YES;
				CLANG_WARN_INFINITE_RECURSION = YES;
				CLANG_WARN_INT_CONVERSION = YES;
				CLANG_WARN_NON_LITERAL_NULL_CONVERSION = YES;
				CLANG_WARN_OBJC_IMPLICIT_RETAIN_SELF = YES;
				CLANG_WARN_OBJC_LITERAL_CONVERSION = YES;
				CLANG_WARN_OBJC_ROOT_CLASS = YES_ERROR;
				CLANG_WARN_RANGE_LOOP_ANALYSIS = YES;
				CLANG_WARN_STRICT_PROTOTYPES = YES;
				CLANG_WARN_SUSPICIOUS_MOVE = YES;
				CLANG_WARN_UNREACHABLE_CODE = YES;
				CLANG_WARN__DUPLICATE_METHOD_MATCH = YES;
				COPY_PHASE_STRIP = YES;
				ENABLE_NS_ASSERTIONS = NO;
				ENABLE_STRICT_OBJC_MSGSEND = YES;
				GCC_C_LANGUAGE_STANDARD = gnu99;
				GCC_NO_COMMON_BLOCKS = YES;
				GCC_WARN_64_TO_32_BIT_CONVERSION = YES;
				GCC_WARN_ABOUT_RETURN_TYPE = YES_ERROR;
				GCC_WARN_UNDECLARED_SELECTOR = YES;
				GCC_WARN_UNINITIALIZED_AUTOS = YES_AGGRESSIVE;
				GCC_WARN_UNUSED_FUNCTION = YES;
				GCC_WARN_UNUSED_VARIABLE = YES;
				IPHONEOS_DEPLOYMENT_TARGET = 11.0;
				LD_RUNPATH_SEARCH_PATHS = "/usr/lib/swift $(inherited)";
				LIBRARY_SEARCH_PATHS = (
					"\"$(TOOLCHAIN_DIR)/usr/lib/swift/$(PLATFORM_NAME)\"",
					"\"$(TOOLCHAIN_DIR)/usr/lib/swift-5.0/$(PLATFORM_NAME)\"",
					"\"$(inherited)\"",
				);
				MTL_ENABLE_DEBUG_INFO = NO;
				SDKROOT = iphoneos;
				VALIDATE_PRODUCT = YES;
			};
			name = Release;
		};
		58B511F01A9E6C8500147676 /* Debug */ = {
			isa = XCBuildConfiguration;
			buildSettings = {
				CLANG_ENABLE_MODULES = YES;
				HEADER_SEARCH_PATHS = (
					"$(inherited)",
					/Applications/Xcode.app/Contents/Developer/Toolchains/XcodeDefault.xctoolchain/usr/include,
					"$(SRCROOT)/../../react-native/React/**",
					"$(SRCROOT)/../../../React/**",
				);
				LD_RUNPATH_SEARCH_PATHS = "$(inherited) @executable_path/Frameworks @loader_path/Frameworks";
				LIBRARY_SEARCH_PATHS = "$(inherited)";
				OTHER_LDFLAGS = "-ObjC";
				PRODUCT_NAME = Blurhash;
				SKIP_INSTALL = YES;
				SWIFT_OBJC_BRIDGING_HEADER = BlurhashBridge.h;
				SWIFT_OPTIMIZATION_LEVEL = "-Onone";
				SWIFT_VERSION = 5.0;
				SYSTEM_HEADER_SEARCH_PATHS = "";
			};
			name = Debug;
		};
		58B511F11A9E6C8500147676 /* Release */ = {
			isa = XCBuildConfiguration;
			buildSettings = {
				CLANG_ENABLE_MODULES = YES;
				HEADER_SEARCH_PATHS = (
					"$(inherited)",
					/Applications/Xcode.app/Contents/Developer/Toolchains/XcodeDefault.xctoolchain/usr/include,
					"$(SRCROOT)/../../react-native/React/**",
					"$(SRCROOT)/../../../React/**",
				);
				LD_RUNPATH_SEARCH_PATHS = "$(inherited) @executable_path/Frameworks @loader_path/Frameworks";
				LIBRARY_SEARCH_PATHS = "$(inherited)";
				OTHER_LDFLAGS = "-ObjC";
				PRODUCT_NAME = Blurhash;
				SKIP_INSTALL = YES;
				SWIFT_OBJC_BRIDGING_HEADER = BlurhashBridge.h;
				SWIFT_VERSION = 5.0;
				SYSTEM_HEADER_SEARCH_PATHS = "";
			};
			name = Release;
		};
/* End XCBuildConfiguration section */

/* Begin XCConfigurationList section */
		58B511D61A9E6C8500147676 /* Build configuration list for PBXProject "Blurhash" */ = {
			isa = XCConfigurationList;
			buildConfigurations = (
				58B511ED1A9E6C8500147676 /* Debug */,
				58B511EE1A9E6C8500147676 /* Release */,
			);
			defaultConfigurationIsVisible = 0;
			defaultConfigurationName = Release;
		};
		58B511EF1A9E6C8500147676 /* Build configuration list for PBXNativeTarget "Blurhash" */ = {
			isa = XCConfigurationList;
			buildConfigurations = (
				58B511F01A9E6C8500147676 /* Debug */,
				58B511F11A9E6C8500147676 /* Release */,
			);
			defaultConfigurationIsVisible = 0;
			defaultConfigurationName = Release;
		};
/* End XCConfigurationList section */
	};
	rootObject = 58B511D31A9E6C8500147676 /* Project object */;
}
